
Microsoft Visual Studio Solution File, Format Version 12.00
# Visual Studio Version 17
VisualStudioVersion = 17.0.31903.59
MinimumVisualStudioVersion = 10.0.40219.1
Project("{9A19103F-16F7-4668-BE54-9A1E7A4F7556}") = "AkkaSimple", "AkkaSimple\AkkaSimple.csproj", "{4679E1B5-39A8-4D6C-BF85-624B7ACDD87E}"
EndProject
Project("{9A19103F-16F7-4668-BE54-9A1E7A4F7556}") = "ReceiveActorApp", "ReceiveActorApp\ReceiveActorApp.csproj", "{A0281340-4312-4129-9B5D-7B5B59701583}"
EndProject
Project("{2150E333-8FDC-42A3-9474-1A3956D46DE8}") = "Chat", "Chat", "{C73651B5-A9EC-44B0-BC8D-E5E8B22F2CFF}"
EndProject
Project("{9A19103F-16F7-4668-BE54-9A1E7A4F7556}") = "ChatClient", "ChatClient\ChatClient.csproj", "{59B25D78-901C-4410-9DE6-783AADF78986}"
EndProject
Project("{9A19103F-16F7-4668-BE54-9A1E7A4F7556}") = "ChatServer", "ChatServer\ChatServer.csproj", "{3C9E57F6-037C-4DA2-9661-B6BBB7B8D600}"
EndProject
Project("{9A19103F-16F7-4668-BE54-9A1E7A4F7556}") = "ChatMessage", "ChatMessage\ChatMessage.csproj", "{64B7A1D3-6F97-46CE-B40A-05AD94D1C5B2}"
EndProject
Project("{9A19103F-16F7-4668-BE54-9A1E7A4F7556}") = "Akka6", "Akka6\Akka6.csproj", "{59913FC9-ABAF-49BA-93FD-12106AFC5006}"
EndProject
Project("{2150E333-8FDC-42A3-9474-1A3956D46DE8}") = "Cluster", "Cluster", "{2EA9A157-7455-494B-BA15-D46EEEC12918}"
EndProject
Project("{9A19103F-16F7-4668-BE54-9A1E7A4F7556}") = "MainApp", "MainApp\MainApp.csproj", "{6EA2848B-7C5E-410F-908D-E824BB33D13E}"
EndProject
Project("{9A19103F-16F7-4668-BE54-9A1E7A4F7556}") = "ConfigApp", "ClusterConfig\ConfigApp.csproj", "{DFD9A247-1845-4106-B5DF-6BF70FBC7C4E}"
EndProject
Project("{2150E333-8FDC-42A3-9474-1A3956D46DE8}") = "BookStore", "BookStore", "{38B28B83-FE9D-4569-97B5-ADC95091BC5D}"
EndProject
Project("{9A19103F-16F7-4668-BE54-9A1E7A4F7556}") = "BookStore.Api", "BookStore\BookStore.Api\BookStore.Api.csproj", "{0D289EEF-5325-4B5B-BBD0-2810DB427801}"
EndProject
Project("{9A19103F-16F7-4668-BE54-9A1E7A4F7556}") = "BookStore.Domain", "BookStore.Domain\BookStore.Domain.csproj", "{2A39FE56-A246-46B3-AB27-2B6A44D9F6BE}"
EndProject
Project("{9A19103F-16F7-4668-BE54-9A1E7A4F7556}") = "BookStore.Domain.Test", "BookStore.Domain.Test\BookStore.Domain.Test.csproj", "{CD02AC66-FE2A-458C-ACD2-B68E78217FBC}"
EndProject
Project("{9A19103F-16F7-4668-BE54-9A1E7A4F7556}") = "BookStore.Infrastructure", "Infrastructure\BookStore.Infrastructure.csproj", "{045DCD44-5678-4A21-9BB0-4AED00A5587B}"
EndProject
Project("{2150E333-8FDC-42A3-9474-1A3956D46DE8}") = "ClusterProjects", "ClusterProjects", "{0B074863-0BD9-484E-83D8-FDFD4C814E19}"
EndProject
Project("{FAE04EC0-301F-11D3-BF4B-00C04F79EFBC}") = "SeedApp", "SeedApp\SeedApp.csproj", "{9C5E563E-ACAF-47C4-86FC-2FB0B0099273}"
EndProject
Project("{FAE04EC0-301F-11D3-BF4B-00C04F79EFBC}") = "NonSeedApp", "NonSeedApp\NonSeedApp.csproj", "{297150C3-1C59-431A-B990-99B4EDB7FE47}"
EndProject
Global
	GlobalSection(SolutionConfigurationPlatforms) = preSolution
		Debug|Any CPU = Debug|Any CPU
		Release|Any CPU = Release|Any CPU
	EndGlobalSection
	GlobalSection(ProjectConfigurationPlatforms) = postSolution
		{4679E1B5-39A8-4D6C-BF85-624B7ACDD87E}.Debug|Any CPU.ActiveCfg = Debug|Any CPU
		{4679E1B5-39A8-4D6C-BF85-624B7ACDD87E}.Debug|Any CPU.Build.0 = Debug|Any CPU
		{4679E1B5-39A8-4D6C-BF85-624B7ACDD87E}.Release|Any CPU.ActiveCfg = Release|Any CPU
		{4679E1B5-39A8-4D6C-BF85-624B7ACDD87E}.Release|Any CPU.Build.0 = Release|Any CPU
		{A0281340-4312-4129-9B5D-7B5B59701583}.Debug|Any CPU.ActiveCfg = Debug|Any CPU
		{A0281340-4312-4129-9B5D-7B5B59701583}.Debug|Any CPU.Build.0 = Debug|Any CPU
		{A0281340-4312-4129-9B5D-7B5B59701583}.Release|Any CPU.ActiveCfg = Release|Any CPU
		{A0281340-4312-4129-9B5D-7B5B59701583}.Release|Any CPU.Build.0 = Release|Any CPU
		{59B25D78-901C-4410-9DE6-783AADF78986}.Debug|Any CPU.ActiveCfg = Debug|Any CPU
		{59B25D78-901C-4410-9DE6-783AADF78986}.Debug|Any CPU.Build.0 = Debug|Any CPU
		{59B25D78-901C-4410-9DE6-783AADF78986}.Release|Any CPU.ActiveCfg = Release|Any CPU
		{59B25D78-901C-4410-9DE6-783AADF78986}.Release|Any CPU.Build.0 = Release|Any CPU
		{3C9E57F6-037C-4DA2-9661-B6BBB7B8D600}.Debug|Any CPU.ActiveCfg = Debug|Any CPU
		{3C9E57F6-037C-4DA2-9661-B6BBB7B8D600}.Debug|Any CPU.Build.0 = Debug|Any CPU
		{3C9E57F6-037C-4DA2-9661-B6BBB7B8D600}.Release|Any CPU.ActiveCfg = Release|Any CPU
		{3C9E57F6-037C-4DA2-9661-B6BBB7B8D600}.Release|Any CPU.Build.0 = Release|Any CPU
		{64B7A1D3-6F97-46CE-B40A-05AD94D1C5B2}.Debug|Any CPU.ActiveCfg = Debug|Any CPU
		{64B7A1D3-6F97-46CE-B40A-05AD94D1C5B2}.Debug|Any CPU.Build.0 = Debug|Any CPU
		{64B7A1D3-6F97-46CE-B40A-05AD94D1C5B2}.Release|Any CPU.ActiveCfg = Release|Any CPU
		{64B7A1D3-6F97-46CE-B40A-05AD94D1C5B2}.Release|Any CPU.Build.0 = Release|Any CPU
		{59913FC9-ABAF-49BA-93FD-12106AFC5006}.Debug|Any CPU.ActiveCfg = Debug|Any CPU
		{59913FC9-ABAF-49BA-93FD-12106AFC5006}.Debug|Any CPU.Build.0 = Debug|Any CPU
		{59913FC9-ABAF-49BA-93FD-12106AFC5006}.Release|Any CPU.ActiveCfg = Release|Any CPU
		{59913FC9-ABAF-49BA-93FD-12106AFC5006}.Release|Any CPU.Build.0 = Release|Any CPU
		{6EA2848B-7C5E-410F-908D-E824BB33D13E}.Debug|Any CPU.ActiveCfg = Debug|Any CPU
		{6EA2848B-7C5E-410F-908D-E824BB33D13E}.Debug|Any CPU.Build.0 = Debug|Any CPU
		{6EA2848B-7C5E-410F-908D-E824BB33D13E}.Release|Any CPU.ActiveCfg = Release|Any CPU
		{6EA2848B-7C5E-410F-908D-E824BB33D13E}.Release|Any CPU.Build.0 = Release|Any CPU
		{DFD9A247-1845-4106-B5DF-6BF70FBC7C4E}.Debug|Any CPU.ActiveCfg = Debug|Any CPU
		{DFD9A247-1845-4106-B5DF-6BF70FBC7C4E}.Debug|Any CPU.Build.0 = Debug|Any CPU
		{DFD9A247-1845-4106-B5DF-6BF70FBC7C4E}.Release|Any CPU.ActiveCfg = Release|Any CPU
		{DFD9A247-1845-4106-B5DF-6BF70FBC7C4E}.Release|Any CPU.Build.0 = Release|Any CPU
		{0D289EEF-5325-4B5B-BBD0-2810DB427801}.Debug|Any CPU.ActiveCfg = Debug|Any CPU
		{0D289EEF-5325-4B5B-BBD0-2810DB427801}.Debug|Any CPU.Build.0 = Debug|Any CPU
		{0D289EEF-5325-4B5B-BBD0-2810DB427801}.Release|Any CPU.ActiveCfg = Release|Any CPU
		{0D289EEF-5325-4B5B-BBD0-2810DB427801}.Release|Any CPU.Build.0 = Release|Any CPU
		{2A39FE56-A246-46B3-AB27-2B6A44D9F6BE}.Debug|Any CPU.ActiveCfg = Debug|Any CPU
		{2A39FE56-A246-46B3-AB27-2B6A44D9F6BE}.Debug|Any CPU.Build.0 = Debug|Any CPU
		{2A39FE56-A246-46B3-AB27-2B6A44D9F6BE}.Release|Any CPU.ActiveCfg = Release|Any CPU
		{2A39FE56-A246-46B3-AB27-2B6A44D9F6BE}.Release|Any CPU.Build.0 = Release|Any CPU
		{CD02AC66-FE2A-458C-ACD2-B68E78217FBC}.Debug|Any CPU.ActiveCfg = Debug|Any CPU
		{CD02AC66-FE2A-458C-ACD2-B68E78217FBC}.Debug|Any CPU.Build.0 = Debug|Any CPU
		{CD02AC66-FE2A-458C-ACD2-B68E78217FBC}.Release|Any CPU.ActiveCfg = Release|Any CPU
		{CD02AC66-FE2A-458C-ACD2-B68E78217FBC}.Release|Any CPU.Build.0 = Release|Any CPU
		{045DCD44-5678-4A21-9BB0-4AED00A5587B}.Debug|Any CPU.ActiveCfg = Debug|Any CPU
		{045DCD44-5678-4A21-9BB0-4AED00A5587B}.Debug|Any CPU.Build.0 = Debug|Any CPU
		{045DCD44-5678-4A21-9BB0-4AED00A5587B}.Release|Any CPU.ActiveCfg = Release|Any CPU
		{045DCD44-5678-4A21-9BB0-4AED00A5587B}.Release|Any CPU.Build.0 = Release|Any CPU
		{9C5E563E-ACAF-47C4-86FC-2FB0B0099273}.Debug|Any CPU.ActiveCfg = Debug|Any CPU
		{9C5E563E-ACAF-47C4-86FC-2FB0B0099273}.Debug|Any CPU.Build.0 = Debug|Any CPU
		{9C5E563E-ACAF-47C4-86FC-2FB0B0099273}.Release|Any CPU.ActiveCfg = Release|Any CPU
		{9C5E563E-ACAF-47C4-86FC-2FB0B0099273}.Release|Any CPU.Build.0 = Release|Any CPU
		{297150C3-1C59-431A-B990-99B4EDB7FE47}.Debug|Any CPU.ActiveCfg = Debug|Any CPU
		{297150C3-1C59-431A-B990-99B4EDB7FE47}.Debug|Any CPU.Build.0 = Debug|Any CPU
		{297150C3-1C59-431A-B990-99B4EDB7FE47}.Release|Any CPU.ActiveCfg = Release|Any CPU
		{297150C3-1C59-431A-B990-99B4EDB7FE47}.Release|Any CPU.Build.0 = Release|Any CPU
	EndGlobalSection
	GlobalSection(SolutionProperties) = preSolution
		HideSolutionNode = FALSE
	EndGlobalSection
	GlobalSection(NestedProjects) = preSolution
		{59B25D78-901C-4410-9DE6-783AADF78986} = {C73651B5-A9EC-44B0-BC8D-E5E8B22F2CFF}
		{3C9E57F6-037C-4DA2-9661-B6BBB7B8D600} = {C73651B5-A9EC-44B0-BC8D-E5E8B22F2CFF}
		{64B7A1D3-6F97-46CE-B40A-05AD94D1C5B2} = {C73651B5-A9EC-44B0-BC8D-E5E8B22F2CFF}
		{6EA2848B-7C5E-410F-908D-E824BB33D13E} = {2EA9A157-7455-494B-BA15-D46EEEC12918}
		{DFD9A247-1845-4106-B5DF-6BF70FBC7C4E} = {2EA9A157-7455-494B-BA15-D46EEEC12918}
		{0D289EEF-5325-4B5B-BBD0-2810DB427801} = {38B28B83-FE9D-4569-97B5-ADC95091BC5D}
		{2A39FE56-A246-46B3-AB27-2B6A44D9F6BE} = {38B28B83-FE9D-4569-97B5-ADC95091BC5D}
		{CD02AC66-FE2A-458C-ACD2-B68E78217FBC} = {38B28B83-FE9D-4569-97B5-ADC95091BC5D}
		{045DCD44-5678-4A21-9BB0-4AED00A5587B} = {38B28B83-FE9D-4569-97B5-ADC95091BC5D}
		{9C5E563E-ACAF-47C4-86FC-2FB0B0099273} = {0B074863-0BD9-484E-83D8-FDFD4C814E19}
		{297150C3-1C59-431A-B990-99B4EDB7FE47} = {0B074863-0BD9-484E-83D8-FDFD4C814E19}
	EndGlobalSection
	GlobalSection(ExtensibilityGlobals) = postSolution
		SolutionGuid = {96872D69-5DDE-45D9-87A7-CA16157371F7}
	EndGlobalSection
EndGlobal
